{
    "_meta": {
        "hash": {
            "sha256": "ff34916d91d3c8a276e2087a9749482aec090763f4b5e203b723dfae5ed301a0"
        },
        "pipfile-spec": 6,
        "requires": {
            "python_version": "3.8"
        },
        "sources": [
            {
                "name": "pypi",
                "url": "https://pypi.org/simple",
                "verify_ssl": true
            }
        ]
    },
    "default": {
        "asgiref": {
            "hashes": [
                "sha256:71e68008da809b957b7ee4b43dbccff33d1b23519fb8344e33f049897077afac",
                "sha256:9567dfe7bd8d3c8c892227827c41cce860b368104c3431da67a0c5a65a949506"
            ],
            "markers": "python_version >= '3.7'",
            "version": "==3.6.0"
        },
        "backports.zoneinfo": {
            "hashes": [
                "sha256:17746bd546106fa389c51dbea67c8b7c8f0d14b5526a579ca6ccf5ed72c526cf",
                "sha256:1b13e654a55cd45672cb54ed12148cd33628f672548f373963b0bff67b217328",
                "sha256:1c5742112073a563c81f786e77514969acb58649bcdf6cdf0b4ed31a348d4546",
                "sha256:4a0f800587060bf8880f954dbef70de6c11bbe59c673c3d818921f042f9954a6",
                "sha256:5c144945a7752ca544b4b78c8c41544cdfaf9786f25fe5ffb10e838e19a27570",
                "sha256:7b0a64cda4145548fed9efc10322770f929b944ce5cee6c0dfe0c87bf4c0c8c9",
                "sha256:8439c030a11780786a2002261569bdf362264f605dfa4d65090b64b05c9f79a7",
                "sha256:8961c0f32cd0336fb8e8ead11a1f8cd99ec07145ec2931122faaac1c8f7fd987",
                "sha256:89a48c0d158a3cc3f654da4c2de1ceba85263fafb861b98b59040a5086259722",
                "sha256:a76b38c52400b762e48131494ba26be363491ac4f9a04c1b7e92483d169f6582",
                "sha256:da6013fd84a690242c310d77ddb8441a559e9cb3d3d59ebac9aca1a57b2e18bc",
                "sha256:e55b384612d93be96506932a786bbcde5a2db7a9e6a4bb4bffe8b733f5b9036b",
                "sha256:e81b76cace8eda1fca50e345242ba977f9be6ae3945af8d46326d776b4cf78d1",
                "sha256:e8236383a20872c0cdf5a62b554b27538db7fa1bbec52429d8d106effbaeca08",
                "sha256:f04e857b59d9d1ccc39ce2da1021d196e47234873820cbeaad210724b1ee28ac",
                "sha256:fadbfe37f74051d024037f223b8e001611eac868b5c5b06144ef4d8b799862f2"
            ],
            "markers": "python_version < '3.9'",
            "version": "==0.2.1"
        },
        "coverage": {
            "hashes": [
                "sha256:00f8fd8a5fe1ffc3aef78ea2dbf553e5c0f4664324e878995e38d41f037eb2b3",
                "sha256:0b65a6a5484b7f2970393d6250553c05b2ede069e0e18abe907fdc7f3528252e",
                "sha256:12bc9127c8aca2f7c25c9acca53da3db6799b2999b40f28c2546237b7ea28459",
                "sha256:1a3e8697cb40f28e5bcfb6f4bda7852d96dbb6f6fd7cc306aba4ae690c9905ab",
                "sha256:1d2a9180beff1922b09bd7389e23454928e108449e646c26da5c62e29b0bf4e3",
                "sha256:1d3893f285fd76f56651f04d1efd3bdce251c32992a64c51e5d6ec3ba9e3f9c9",
                "sha256:2857894c22833d3da6e113623a9b7440159b2295280b4e0d954cadbfa724b85a",
                "sha256:29c7d88468f01a75231797173b52dc66d20a8d91b8bb75c88fc5861268578f52",
                "sha256:2d784177a7fb9d0f58d24d3e60638c8b729c3693963bf67fa919120f750db237",
                "sha256:39747afc854a7ee14e5e132da7db179d6281faf97dc51e6d7806651811c47538",
                "sha256:3d6f3c5b6738a494f17c73b4aa3aa899865cc33a74aa85e3b5695943b79ad3ce",
                "sha256:3fc9cde48de956bfbacea026936fbd4974ff1dc2f83397c6f1968f0142c9d50b",
                "sha256:4078939c4b7053e14e87c65aa68dbed7867e326e450f94038bfe1a1b22078ff9",
                "sha256:437da7d2fcc35bf45e04b7e9cfecb7c459ec6f6dc17a8558ed52e8d666c2d9ab",
                "sha256:4522dd9aeb9cc2c4c54ce23933beb37a4e106ec2ba94f69138c159024c8a906a",
                "sha256:50fda3d33b705b9c01e3b772cfa7d14de8aec2ec2870e4320992c26d057fde12",
                "sha256:56a674ad18d6b04008283ca03c012be913bf89d91c0803c54c24600b300d9e51",
                "sha256:56d74d6fbd5a98a5629e8467b719b0abea9ca01a6b13555d125c84f8bf4ea23d",
                "sha256:5c122d120c11a236558c339a59b4b60947b38ac9e3ad30a0e0e02540b37bf536",
                "sha256:5c6c6e3b8fb6411a2035da78d86516bfcfd450571d167304911814407697fb7a",
                "sha256:603a2b172126e3b08c11ca34200143089a088cd0297d4cfc4922d2c1c3a892f9",
                "sha256:60feb703abc8d78e9427d873bcf924c9e30cf540a21971ef5a17154da763b60f",
                "sha256:6a17bf32e9e3333d78606ac1073dd20655dc0752d5b923fa76afd3bc91674ab4",
                "sha256:700bc9fb1074e0c67c09fe96a803de66663830420781df8dc9fb90d7421d4ccb",
                "sha256:72751d117ceaad3b1ea3bcb9e85f5409bbe9fb8a40086e17333b994dbccc0718",
                "sha256:7283f78d07a201ac7d9dc2ac2e4faaea99c4d302f243ee5b4e359f3e170dc008",
                "sha256:856bcb837e96adede31018a0854ce7711a5d6174db1a84e629134970676c54fa",
                "sha256:864e36947289be05abd83267c4bade35e772526d3e9653444a9dc891faf0d698",
                "sha256:8769a67e8816c7e94d5bf446fc0501641fde78fdff362feb28c2c64d45d0e9b1",
                "sha256:876e4ef3eff00b50787867c5bae84857a9af4c369a9d5b266cd9b19f61e48ef7",
                "sha256:89e63b38c7b888e00fd42ce458f838dccb66de06baea2da71801b0fc9070bfa0",
                "sha256:92b565c51732ea2e7e541709ccce76391b39f4254260e5922e08e00971e88e33",
                "sha256:9e5eedde6e6e241ec3816f05767cc77e7456bf5ec6b373fb29917f0990e2078f",
                "sha256:a5c4f2e44a2ae15fa6883898e756552db5105ca4bd918634cbd5b7c00e19e8a1",
                "sha256:ab08af91cf4d847a6e15d7d5eeae5fead1487caf16ff3a2056dbe64d058fd246",
                "sha256:ab08e03add2cf5793e66ac1bbbb24acfa90c125476f5724f5d44c56eeec1d635",
                "sha256:ac4861241e693e21b280f07844ae0e0707665e1dfcbf9466b793584984ae45c4",
                "sha256:b3023ce23e41a6f006c09f7e6d62b6c069c36bdc9f7de16a5ef823acc02e6c63",
                "sha256:bc47015fc0455753e8aba1f38b81b731aaf7f004a0c390b404e0fcf1d6c1d72f",
                "sha256:c2becddfcbf3d994a8f4f9dd2b6015cae3a3eff50dedc6e4a17c3cccbe8f93d4",
                "sha256:cdee9a77fd0ce000781680b6a1f4b721c567f66f2f73a49be1843ff439d634f3",
                "sha256:cdfb53bef4b2739ff747ebbd76d6ac5384371fd3c7a8af08899074eba034d483",
                "sha256:d4db4e6c115d869cd5397d3d21fd99e4c7053205c33a4ae725c90d19dcd178af",
                "sha256:d9f770c6052d9b5c9b0e824fd8c003fe33276473b65b4f10ece9565ceb62438e",
                "sha256:e41a7f44e73b37c6f0132ecfdc1c8b67722f42a3d9b979e6ebc150c8e80cf13a",
                "sha256:ea534200efbf600e60130c48552f99f351cae2906898a9cd924c1c7f2fb02853",
                "sha256:f19ba9301e6fb0b94ba71fda9a1b02d11f0aab7f8e2455122a4e2921b6703c2f",
                "sha256:f37ae1804596f13d811e0247ffc8219f5261b3565bdf45fcbb4fc091b8e9ff35",
                "sha256:f7668a621afc52db29f6867e0e9c72a1eec9f02c94a7c36599119d557cf6e471",
                "sha256:f7ffdb3af2a01ce91577f84fc0faa056029fe457f3183007cffe7b11ea78b23c",
                "sha256:fabd1f4d12dfd6b4f309208c2f31b116dc5900e0b42dbafe4ee1bc7c998ffbb0"
            ],
            "index": "pypi",
            "version": "==7.2.4"
        },
        "django": {
            "hashes": [
                "sha256:ad33ed68db9398f5dfb33282704925bce044bef4261cd4fb59e4e7f9ae505a78",
                "sha256:c36e2ab12824e2ac36afa8b2515a70c53c7742f0d6eaefa7311ec379558db997"
            ],
            "index": "pypi",
            "version": "==4.2"
        },
        "model-bakery": {
            "hashes": [
                "sha256:d38a72502979be20c9c5c2b1682faefde9da4eae935c028cc35832d484ea1039",
                "sha256:d516d93315f66fc7f2cef0a85e1ca9e1ebb656cca5e383f17127f023b4bbdb8c"
            ],
            "index": "pypi",
            "version": "==1.11.0"
        },
        "sqlparse": {
            "hashes": [
                "sha256:5430a4fe2ac7d0f93e66f1efc6e1338a41884b7ddf2a350cedd20ccc4d9d28f3",
                "sha256:d446183e84b8349fa3061f0fe7f06ca94ba65b426946ffebe6e3e8295332420c"
            ],
            "markers": "python_version >= '3.5'",
            "version": "==0.4.4"
        }
    },
    "develop": {}
}
