{
    "_meta": {
        "hash": {
            "sha256": "1b2dac4e7cc99dfa7a813dea238efcdf16532b951dcbc04801eb3ae7339a0117"
        },
        "pipfile-spec": 6,
        "requires": {
            "python_version": "3.8"
        },
        "sources": [
            {
                "name": "pypi",
                "url": "https://pypi.org/simple",
                "verify_ssl": true
            }
        ]
    },
    "default": {
        "asgiref": {
            "hashes": [
                "sha256:89b2ef2247e3b562a16eef663bc0e2e703ec6468e2fa8a5cd61cd449786d4f6e",
                "sha256:9e0ce3aa93a819ba5b45120216b23878cf6e8525eb3848653452b4192b92afed"
            ],
            "markers": "python_version >= '3.7'",
            "version": "==3.7.2"
        },
        "coverage": {
            "hashes": [
                "sha256:0c5fe441b9cfdab64719f24e9684502a59432df7570521563d7b1aff27ac755f",
                "sha256:2b412abc4c7d6e019ce7c27cbc229783035eef6d5401695dccba80f481be4eb3",
                "sha256:3684fabf6b87a369017756b551cef29e505cb155ddb892a7a29277b978da88b9",
                "sha256:39e088da9b284f1bd17c750ac672103779f7954ce6125fd4382134ac8d152d74",
                "sha256:3c205bc11cc4fcc57b761c2da73b9b72a59f8d5ca89979afb0c1c6f9e53c7390",
                "sha256:42692db854d13c6c5e9541b6ffe0fe921fe16c9c446358d642ccae1462582d3b",
                "sha256:465ce53a8c0f3a7950dfb836438442f833cf6663d407f37d8c52fe7b6e56d7e8",
                "sha256:48020e343fc40f72a442c8a1334284620f81295256a6b6ca6d8aa1350c763bbe",
                "sha256:4ec30ade438d1711562f3786bea33a9da6107414aed60a5daa974d50a8c2c351",
                "sha256:5296fc86ab612ec12394565c500b412a43b328b3907c0d14358950d06fd83baf",
                "sha256:5f61bed2f7d9b6a9ab935150a6b23d7f84b8055524e7be7715b6513f3328138e",
                "sha256:6899797ac384b239ce1926f3cb86ffc19996f6fa3a1efbb23cb49e0c12d8c18c",
                "sha256:68a43a9f9f83693ce0414d17e019daee7ab3f7113a70c79a3dd4c2f704e4d741",
                "sha256:6b8033d47fe22506856fe450470ccb1d8ba1ffb8463494a15cfc96392a288c09",
                "sha256:7ad7536066b28863e5835e8cfeaa794b7fe352d99a8cded9f43d1161be8e9fbd",
                "sha256:7bacb89ccf4bedb30b277e96e4cc68cd1369ca6841bde7b005191b54d3dd1034",
                "sha256:839dc7c36501254e14331bcb98b27002aa415e4af7ea039d9009409b9d2d5420",
                "sha256:8e679d1bde5e2de4a909efb071f14b472a678b788904440779d2c449c0355b27",
                "sha256:8f9a95b66969cdea53ec992ecea5406c5bd99c9221f539bca1e8406b200ae98c",
                "sha256:932c03d2d565f75961ba1d3cec41ddde00e162c5b46d03f7423edcb807734eab",
                "sha256:93f965415cc51604f571e491f280cff0f5be35895b4eb5e55b47ae90c02a497b",
                "sha256:988529edadc49039d205e0aa6ce049c5ccda4acb2d6c3c5c550c17e8c02c05ba",
                "sha256:998d7e73548fe395eeb294495a04d38942edb66d1fa61eb70418871bc621227e",
                "sha256:9de60893fb447d1e797f6bf08fdf0dbcda0c1e34c1b06c92bd3a363c0ea8c609",
                "sha256:9e80d45d0c7fcee54e22771db7f1b0b126fb4a6c0a2e5afa72f66827207ff2f2",
                "sha256:a545a3dfe5082dc8e8c3eb7f8a2cf4f2870902ff1860bd99b6198cfd1f9d1f49",
                "sha256:a5d8f29e5ec661143621a8f4de51adfb300d7a476224156a39a392254f70687b",
                "sha256:a9abc8c480e103dc05d9b332c6cc9fb1586330356fc14f1aa9c0ca5745097d19",
                "sha256:aca06bfba4759bbdb09bf52ebb15ae20268ee1f6747417837926fae990ebc41d",
                "sha256:bb23b7a6fd666e551a3094ab896a57809e010059540ad20acbeec03a154224ce",
                "sha256:bfd1d0ae7e292105f29d7deaa9d8f2916ed8553ab9d5f39ec65bcf5deadff3f9",
                "sha256:c22ab9f96cbaff05c6a84e20ec856383d27eae09e511d3e6ac4479489195861d",
                "sha256:c62ca0a38958f541a73cf86acdab020c2091631c137bd359c4f5bddde7b75fd4",
                "sha256:c709d8bda72cf4cd348ccec2a4881f2c5848fd72903c185f363d361b2737f773",
                "sha256:c968a6aa7e0b56ecbd28531ddf439c2ec103610d3e2bf3b75b813304f8cb7723",
                "sha256:ca58eba39c68010d7e87a823f22a081b5290e3e3c64714aac3c91481d8b34d22",
                "sha256:df785d8cb80539d0b55fd47183264b7002077859028dfe3070cf6359bf8b2d9c",
                "sha256:f406628ca51e0ae90ae76ea8398677a921b36f0bd71aab2099dfed08abd0322f",
                "sha256:f46087bbd95ebae244a0eda01a618aff11ec7a069b15a3ef8f6b520db523dcf1",
                "sha256:f8019c5279eb32360ca03e9fac40a12667715546eed5c5eb59eb381f2f501260",
                "sha256:fc5f4d209733750afd2714e9109816a29500718b32dd9a5db01c0cb3a019b96a"
            ],
            "index": "pypi",
            "version": "==4.5.3"
        },
        "django": {
            "hashes": [
                "sha256:031365bae96814da19c10706218c44dff3b654cc4de20a98bd2d29b9bde469f0",
                "sha256:21cc991466245d659ab79cb01204f9515690f8dae00e5eabde307f14d24d4d7d"
            ],
            "index": "pypi",
            "version": "==3.2.19"
        },
        "psycopg2-binary": {
            "hashes": [
                "sha256:080c72714784989474f97be9ab0ddf7b2ad2984527e77f2909fcd04d4df53809",
                "sha256:110457be80b63ff4915febb06faa7be002b93a76e5ba19bf3f27636a2ef58598",
                "sha256:171352a03b22fc099f15103959b52ee77d9a27e028895d7e5fde127aa8e3bac5",
                "sha256:19d013e7b0817087517a4b3cab39c084d78898369e5c46258aab7be4f233d6a1",
                "sha256:249b6b21ae4eb0f7b8423b330aa80fab5f821b9ffc3f7561a5e2fd6bb142cf5d",
                "sha256:2ac0731d2d84b05c7bb39e85b7e123c3a0acd4cda631d8d542802c88deb9e87e",
                "sha256:2b6d561193f0dc3f50acfb22dd52ea8c8dfbc64bcafe3938b5f209cc17cb6f00",
                "sha256:2bd23e242e954214944481124755cbefe7c2cf563b1a54cd8d196d502f2578bf",
                "sha256:3e1239242ca60b3725e65ab2f13765fc199b03af9eaf1b5572f0e97bdcee5b43",
                "sha256:3eb70bb697abbe86b1d2b1316370c02ba320bfd1e9e35cf3b9566a855ea8e4e5",
                "sha256:51a2fc7e94b98bd1bb5d4570936f24fc2b0541b63eccadf8fdea266db8ad2f70",
                "sha256:52f1bdafdc764b7447e393ed39bb263eccb12bfda25a4ac06d82e3a9056251f6",
                "sha256:5b3581319a3951f1e866f4f6c5e42023db0fae0284273b82e97dfd32c51985cd",
                "sha256:63c1b66e3b2a3a336288e4bcec499e0dc310cd1dceaed1c46fa7419764c68877",
                "sha256:8123a99f24ecee469e5c1339427bcdb2a33920a18bb5c0d58b7c13f3b0298ba3",
                "sha256:85e699fcabe7f817c0f0a412d4e7c6627e00c412b418da7666ff353f38e30f67",
                "sha256:8dbff4557bbef963697583366400822387cccf794ccb001f1f2307ed21854c68",
                "sha256:908d21d08d6b81f1b7e056bbf40b2f77f8c499ab29e64ec5113052819ef1c89b",
                "sha256:af39d0237b17d0a5a5f638e9dffb34013ce2b1d41441fd30283e42b22d16858a",
                "sha256:af51bb9f055a3f4af0187149a8f60c9d516cf7d5565b3dac53358796a8fb2a5b",
                "sha256:b2ecac57eb49e461e86c092761e6b8e1fd9654dbaaddf71a076dcc869f7014e2",
                "sha256:cd37cc170678a4609becb26b53a2bc1edea65177be70c48dd7b39a1149cabd6e",
                "sha256:d17e3054b17e1a6cb8c1140f76310f6ede811e75b7a9d461922d2c72973f583e",
                "sha256:d305313c5a9695f40c46294d4315ed3a07c7d2b55e48a9010dad7db7a66c8b7f",
                "sha256:dd0ef0eb1f7dd18a3f4187226e226a7284bda6af5671937a221766e6ef1ee88f",
                "sha256:e1adff53b56db9905db48a972fb89370ad5736e0450b96f91bcf99cadd96cfd7",
                "sha256:f0d43828003c82dbc9269de87aa449e9896077a71954fbbb10a614c017e65737",
                "sha256:f78e8b487de4d92640105c1389e5b90be3496b1d75c90a666edd8737cc2dbab7"
            ],
            "index": "pypi",
            "version": "==2.8.3"
        },
        "pytz": {
            "hashes": [
                "sha256:26c0b32e437e54a18161324a2fca3c4b9846b74a8dccddd843113109e1116b32",
                "sha256:c894d57500a4cd2d5c71114aaab77dbab5eabd9022308ce5ac9bb93a60a6f0c7"
            ],
            "index": "pypi",
            "version": "==2019.2"
        },
        "sqlparse": {
            "hashes": [
                "sha256:40afe6b8d4b1117e7dff5504d7a8ce07d9a1b15aeeade8a2d10f130a834f8177",
                "sha256:7c3dca29c022744e95b547e867cee89f4fce4373f3549ccd8797d8eb52cdb873"
            ],
            "index": "pypi",
            "version": "==0.3.0"
        },
        "typing-extensions": {
            "hashes": [
                "sha256:88a4153d8505aabbb4e13aacb7c486c2b4a33ca3b3f807914a9b4c844c471c26",
                "sha256:d91d5919357fe7f681a9f2b5b4cb2a5f1ef0a1e9f59c4d8ff0d3491e05c0ffd5"
            ],
            "markers": "python_version < '3.11'",
            "version": "==4.6.3"
        }
    },
    "develop": {}
}
